
Microsoft Visual Studio Solution File, Format Version 12.00
Project("{FAE04EC0-301F-11D3-BF4B-00C04F79EFBC}") = "FindrDataPointTest", "FindrDataPointTest\FindrDataPointTest.csproj", "{D695DC00-CBAD-46A3-A98B-2C5C5307165A}"
EndProject
Project("{FAE04EC0-301F-11D3-BF4B-00C04F79EFBC}") = "FindrDataPointTestTests", "FindrDataPointTestTests\FindrDataPointTestTests.csproj", "{0FFB429A-7F0B-4C09-ABBF-A23EE2FACA6D}"
EndProject
Global
	GlobalSection(SolutionConfigurationPlatforms) = preSolution
		Debug|Any CPU = Debug|Any CPU
		Release|Any CPU = Release|Any CPU
	EndGlobalSection
	GlobalSection(ProjectConfigurationPlatforms) = postSolution
		{D695DC00-CBAD-46A3-A98B-2C5C5307165A}.Debug|Any CPU.ActiveCfg = Debug|Any CPU
		{D695DC00-CBAD-46A3-A98B-2C5C5307165A}.Debug|Any CPU.Build.0 = Debug|Any CPU
		{D695DC00-CBAD-46A3-A98B-2C5C5307165A}.Release|Any CPU.ActiveCfg = Release|Any CPU
		{D695DC00-CBAD-46A3-A98B-2C5C5307165A}.Release|Any CPU.Build.0 = Release|Any CPU
		{0FFB429A-7F0B-4C09-ABBF-A23EE2FACA6D}.Debug|Any CPU.ActiveCfg = Debug|Any CPU
		{0FFB429A-7F0B-4C09-ABBF-A23EE2FACA6D}.Debug|Any CPU.Build.0 = Debug|Any CPU
		{0FFB429A-7F0B-4C09-ABBF-A23EE2FACA6D}.Release|Any CPU.ActiveCfg = Release|Any CPU
		{0FFB429A-7F0B-4C09-ABBF-A23EE2FACA6D}.Release|Any CPU.Build.0 = Release|Any CPU
	EndGlobalSection
EndGlobal
